
Microsoft Visual Studio Solution File, Format Version 12.00
# Visual Studio 15
VisualStudioVersion = 15.0.28010.2050
MinimumVisualStudioVersion = 10.0.40219.1
Project("{FAE04EC0-301F-11D3-BF4B-00C04F79EFBC}") = "LookUpWhatsNew", "CSharp-Reflection-Learning\LookUpWhatsNew.csproj", "{03BFB360-D9E7-448E-A18D-1D940A42E846}"
EndProject
Project("{FAE04EC0-301F-11D3-BF4B-00C04F79EFBC}") = "WhatsNewAttributes", "WhatsNewAttributes\WhatsNewAttributes.csproj", "{7CF5CA63-F5CC-468E-95AC-5AD9575E956B}"
EndProject
Project("{FAE04EC0-301F-11D3-BF4B-00C04F79EFBC}") = "VectorClass", "VectorClass\VectorClass.csproj", "{EA2094DA-A894-4C35-9183-A3A7066718A7}"
EndProject
Global
	GlobalSection(SolutionConfigurationPlatforms) = preSolution
		Debug|Any CPU = Debug|Any CPU
		Release|Any CPU = Release|Any CPU
	EndGlobalSection
	GlobalSection(ProjectConfigurationPlatforms) = postSolution
		{03BFB360-D9E7-448E-A18D-1D940A42E846}.Debug|Any CPU.ActiveCfg = Debug|Any CPU
		{03BFB360-D9E7-448E-A18D-1D940A42E846}.Debug|Any CPU.Build.0 = Debug|Any CPU
		{03BFB360-D9E7-448E-A18D-1D940A42E846}.Release|Any CPU.ActiveCfg = Release|Any CPU
		{03BFB360-D9E7-448E-A18D-1D940A42E846}.Release|Any CPU.Build.0 = Release|Any CPU
		{7CF5CA63-F5CC-468E-95AC-5AD9575E956B}.Debug|Any CPU.ActiveCfg = Debug|Any CPU
		{7CF5CA63-F5CC-468E-95AC-5AD9575E956B}.Debug|Any CPU.Build.0 = Debug|Any CPU
		{7CF5CA63-F5CC-468E-95AC-5AD9575E956B}.Release|Any CPU.ActiveCfg = Release|Any CPU
		{7CF5CA63-F5CC-468E-95AC-5AD9575E956B}.Release|Any CPU.Build.0 = Release|Any CPU
		{EA2094DA-A894-4C35-9183-A3A7066718A7}.Debug|Any CPU.ActiveCfg = Debug|Any CPU
		{EA2094DA-A894-4C35-9183-A3A7066718A7}.Debug|Any CPU.Build.0 = Debug|Any CPU
		{EA2094DA-A894-4C35-9183-A3A7066718A7}.Release|Any CPU.ActiveCfg = Release|Any CPU
		{EA2094DA-A894-4C35-9183-A3A7066718A7}.Release|Any CPU.Build.0 = Release|Any CPU
	EndGlobalSection
	GlobalSection(SolutionProperties) = preSolution
		HideSolutionNode = FALSE
	EndGlobalSection
	GlobalSection(ExtensibilityGlobals) = postSolution
		SolutionGuid = {92814115-D9D4-4D1F-8020-0550EB86A664}
	EndGlobalSection
EndGlobal
